# sha256 size path-under-model_checkpoints -- the converted blobs this code was validated with.
# Update together with any converter change: foldforge checkpoints verify.
2ce4cd3b754d362b5b8cfb617bef054f57accb235e174bc43fb261dfea3ea520 1020544360 af3/af3.bin.zst
edca4c835e7785919eb3922c5b8f35de9ebb8ee2186f2154ff7550b879318303 1881793067 boltz2/boltz2.bin.zst
6851d18584f9168d1fc46408ab2275158a8b9d8264982f77dc672a8819dfbc06 1196979805 chai1/chai1.bin.zst
eec86f336a1b0c386c0de7aba53ae41fd599b99e14d4e12d6892f3bde984525c 698235947 esmfold2-fast/esmfold2_fast.bin.zst
f03974d04a085b2c81c5433d6882bc0ebbe2ae0df757404452c4447bc181f084 868465462 esmfold2/esmfold2.bin.zst
b06f4d306631128b98c9777ba0250196e3d8a9d929b2ba7b1509524605e1dbad 3156915479 intellifold2/intellifold2.bin.zst
b3b56ade0e1502e1ad0fbbadc6323c51598f4f83621e1170d0292b88084ecee3 2474080597 opendde/opendde.bin.zst
7343582b4c674a1c8955bc00dfdb9041e9f5a23171a4a73b8bfee53556702e3d 1369072433 openfold3/openbind0.bin.zst
85020cc0baeee7f91f63da46086a18a1743ec0276b5c857fe573d9920237e0d2 1369133169 openfold3/openfold3.bin.zst
3984239ecdb138c58efdbd8ee18af45a3043cc840c77ab48b0c9e5af9fc32ab3 989816952 protenix/protenix1.bin.zst
fc8dd29681987b3ac18ce3f13f4ef286b1f00722a0248acf4faf903504aff29e 1333353532 protenix/protenix2.bin.zst
d89b00a756de51dc4bbb67514710b1feab69323e29502cc0b6af1f6be2a243db 1361358854 rosettafold3/rosettafold3.bin.zst
